
Microsoft Visual Studio Solution File, Format Version 12.00
# Visual Studio Version 17
VisualStudioVersion = 17.14.37314.3 d17.14
MinimumVisualStudioVersion = 10.0.40219.1
Project("{FAE04EC0-301F-11D3-BF4B-00C04F79EFBC}") = "IncidentRegistrationMvc", "IncidentRegistrationMvc.csproj", "{C2C85744-DC6B-BD56-EADE-C1E0BCCD504B}"
EndProject
Project("{FAE04EC0-301F-11D3-BF4B-00C04F79EFBC}") = "IncidentRegistrationMvc.Business", "IncidentRegistrationMvc.Business\IncidentRegistrationMvc.Business.csproj", "{8D353435-C0E9-41A7-9DD5-6CE96B7FC5B4}"
EndProject
Project("{FAE04EC0-301F-11D3-BF4B-00C04F79EFBC}") = "IncidentRegistrationMvc.Data", "IncidentRegistrationMvc.Data\IncidentRegistrationMvc.Data.csproj", "{327EA1E8-D731-4358-A8EF-9659FA7E2898}"
EndProject
Global
	GlobalSection(SolutionConfigurationPlatforms) = preSolution
		Debug|Any CPU = Debug|Any CPU
		Release|Any CPU = Release|Any CPU
	EndGlobalSection
	GlobalSection(ProjectConfigurationPlatforms) = postSolution
		{C2C85744-DC6B-BD56-EADE-C1E0BCCD504B}.Debug|Any CPU.ActiveCfg = Debug|Any CPU
		{C2C85744-DC6B-BD56-EADE-C1E0BCCD504B}.Debug|Any CPU.Build.0 = Debug|Any CPU
		{C2C85744-DC6B-BD56-EADE-C1E0BCCD504B}.Release|Any CPU.ActiveCfg = Release|Any CPU
		{C2C85744-DC6B-BD56-EADE-C1E0BCCD504B}.Release|Any CPU.Build.0 = Release|Any CPU
		{8D353435-C0E9-41A7-9DD5-6CE96B7FC5B4}.Debug|Any CPU.ActiveCfg = Debug|Any CPU
		{8D353435-C0E9-41A7-9DD5-6CE96B7FC5B4}.Debug|Any CPU.Build.0 = Debug|Any CPU
		{8D353435-C0E9-41A7-9DD5-6CE96B7FC5B4}.Release|Any CPU.ActiveCfg = Release|Any CPU
		{8D353435-C0E9-41A7-9DD5-6CE96B7FC5B4}.Release|Any CPU.Build.0 = Release|Any CPU
		{327EA1E8-D731-4358-A8EF-9659FA7E2898}.Debug|Any CPU.ActiveCfg = Debug|Any CPU
		{327EA1E8-D731-4358-A8EF-9659FA7E2898}.Debug|Any CPU.Build.0 = Debug|Any CPU
		{327EA1E8-D731-4358-A8EF-9659FA7E2898}.Release|Any CPU.ActiveCfg = Release|Any CPU
		{327EA1E8-D731-4358-A8EF-9659FA7E2898}.Release|Any CPU.Build.0 = Release|Any CPU
	EndGlobalSection
	GlobalSection(SolutionProperties) = preSolution
		HideSolutionNode = FALSE
	EndGlobalSection
	GlobalSection(ExtensibilityGlobals) = postSolution
		SolutionGuid = {16ED3A0E-7891-4E8E-AD02-5B3C8AB42094}
	EndGlobalSection
EndGlobal
